
Microsoft Visual Studio Solution File, Format Version 12.00
# Visual Studio 14
VisualStudioVersion = 14.0.25420.1
MinimumVisualStudioVersion = 10.0.40219.1
Project("{FAE04EC0-301F-11D3-BF4B-00C04F79EFBC}") = "X2AddOnInstaller", "X2AddOnInstaller\X2AddOnInstaller.csproj", "{3A9AC776-87F8-4921-9DE2-A5FB5D4BF9C5}"
EndProject
Project("{FAE04EC0-301F-11D3-BF4B-00C04F79EFBC}") = "X2AddOnBuildInstallerArchive", "X2AddOnBuildInstallerArchive\X2AddOnBuildInstallerArchive.csproj", "{50C40F31-A3BD-4002-9FBD-D762E30E8868}"
EndProject
Global
	GlobalSection(SolutionConfigurationPlatforms) = preSolution
		Debug|Any CPU = Debug|Any CPU
		Release|Any CPU = Release|Any CPU
	EndGlobalSection
	GlobalSection(ProjectConfigurationPlatforms) = postSolution
		{3A9AC776-87F8-4921-9DE2-A5FB5D4BF9C5}.Debug|Any CPU.ActiveCfg = Debug|x86
		{3A9AC776-87F8-4921-9DE2-A5FB5D4BF9C5}.Debug|Any CPU.Build.0 = Debug|x86
		{3A9AC776-87F8-4921-9DE2-A5FB5D4BF9C5}.Release|Any CPU.ActiveCfg = Release|x86
		{3A9AC776-87F8-4921-9DE2-A5FB5D4BF9C5}.Release|Any CPU.Build.0 = Release|x86
		{50C40F31-A3BD-4002-9FBD-D762E30E8868}.Debug|Any CPU.ActiveCfg = Debug|Any CPU
		{50C40F31-A3BD-4002-9FBD-D762E30E8868}.Debug|Any CPU.Build.0 = Debug|Any CPU
		{50C40F31-A3BD-4002-9FBD-D762E30E8868}.Release|Any CPU.ActiveCfg = Release|Any CPU
		{50C40F31-A3BD-4002-9FBD-D762E30E8868}.Release|Any CPU.Build.0 = Release|Any CPU
	EndGlobalSection
	GlobalSection(SolutionProperties) = preSolution
		HideSolutionNode = FALSE
	EndGlobalSection
EndGlobal
